
Microsoft Visual Studio Solution File, Format Version 12.00
# Visual Studio Version 17
VisualStudioVersion = 17.5.002.0
MinimumVisualStudioVersion = 10.0.40219.1
Project("{9A19103F-16F7-4668-BE54-9A1E7A4F7556}") = "ContosoUniversity", "ContosoUniversity.csproj", "{D29AADE7-A314-4A32-BBB7-2B9EEC5B0DD7}"
EndProject
Global
	GlobalSection(SolutionConfigurationPlatforms) = preSolution
		Debug|Any CPU = Debug|Any CPU
		Release|Any CPU = Release|Any CPU
	EndGlobalSection
	GlobalSection(ProjectConfigurationPlatforms) = postSolution
		{D29AADE7-A314-4A32-BBB7-2B9EEC5B0DD7}.Debug|Any CPU.ActiveCfg = Debug|Any CPU
		{D29AADE7-A314-4A32-BBB7-2B9EEC5B0DD7}.Debug|Any CPU.Build.0 = Debug|Any CPU
		{D29AADE7-A314-4A32-BBB7-2B9EEC5B0DD7}.Release|Any CPU.ActiveCfg = Release|Any CPU
		{D29AADE7-A314-4A32-BBB7-2B9EEC5B0DD7}.Release|Any CPU.Build.0 = Release|Any CPU
	EndGlobalSection
	GlobalSection(SolutionProperties) = preSolution
		HideSolutionNode = FALSE
	EndGlobalSection
	GlobalSection(ExtensibilityGlobals) = postSolution
		SolutionGuid = {2EC558EB-3A47-4E29-BA2B-B469D307255A}
	EndGlobalSection
EndGlobal
